#### 毒奶去广告计划
## 原文参阅 https://limbopro.com/archives/12904.html

##### https://www.lyxsjmm.com/
- '+.tu.xasnjafnvn.com'
- '+.bn.ufitjvn.com'

##### https://javmost.xyz/  
- '+.delivery-node-aziz.voe-network.net'
- '+.inspiringaccurate.com'
- '+.track.aso1.net'
- '+.v3.fstats.xyz'
- '+.wpadmngr.com'
- '+.histats.com'
- '+.son-in-lawmorbid.com'
- '+.mc.yandex.ru'
- '+.amung.us'
- '+.widgets.amung.us'
- '+.s10.histats.com'
- '+.eyebrowscrambledlater.com'
- '+.a.realsrv.com'
- '+.media.aso1.net'
- '+.js.wpshsdk.com'
- '+.js.wpushsdk.com'
- '+.9e77b6e6e2.2e3f31faae.com'
- '+.playersb.com'
#- '+.dood.la'

##### https://www.tvc.cc/  
- '+.42yenxh.cn'
- '+.dwyhup.cn'
- '+.netdjs.net'
- '+.pc.stgowan.com'

##### https://avple.tv/  
- '+.tapioni.com'
#- '+.107iwh.cn:4032'
#- '+.qinhemuye.com:443'
- '+.107iwh.cn'
- '+.hbhuatie.com'
- '+.qinzhihao.com'
- '+.nby360.com'
- '+.tfosrv.com'
- '+.trafforsrv.com'
- '+.trafficforce.com'
- '+.s.csyfe.com'

##### https://www.tvn.cc/ 韩剧TV  
- '+.qw2v.changshuohr.net'
- '+.wss.haoyundmn.com'

##### missav.com  
- '+.video.ktkjmp.com'
- '+.go.myavlive.com'
- '+.gsjln04hd.com'
- '+.creative.myavlive.com'
- '+.creative.live.missav.com'
- '+.cashewsforlife208.com'
- '+.ingest.sentry'
- '+.phloxsub73ulata.com'
- '+.xxxjmp.com'
- '+.pitrespite.com'
- '+.alexametrics.com'
- '+.designslicensedeep.com'
- '+.a.bestcontentfood.top'
- '+.tsyndicate.com'
- '+.cashewsforlife208.com'
- '+.e67repidwnfu7gcha.com'
- '+.mc7clurd09pla4nrtat7ion.com'
- '+.e67repidwnfu7gcha.com'
- '+.wuzbhjpvsf.com'
- '+.a.realsrv.com'

##### Jable.tv av吃到饱  
- '+.a.shukriya90.com'
- '+.a.shukriya90.com'
- '+.creative.xlviirdr.com'
- '+.realsrv.com'
- '+.asewlfjqwlflkew.com'
- '+.uus52.com'
- '+.uus58.com'
- '+.ddmax20.xyz'
- '+.ads.exosrv.com'
- '+.exosrv'
- '+.asewlfjqwlflkew'
- '+.tyrantdb.com'
- '+.adserve.work'

##### nfmovies.com 奈菲影视  
- '+.brushshopy'
- '+.onenews'
- '+.s96.cnzz.com'
#- '+.yabo729.com'

###### m.pianku.me/ 手机片库网  
- '+.xn--3bs795g.zone'
- '+.xn--2qux23c9ziyrq.plus'
- '+.xn--2qux23c9ziyrq.club'
- '+.xn--xhq9mt12cf5v.xn--io0a7i'
- '+.ddmax20.xyz'
- '+.xn--3bs795g.link'
- '+.show.suning.beer'
- '+.www.govshenzhen.cn'
- '+.mm9842.com'
- '+.e2wysbacctt1'
#- '+.streamtape.com'

##### netflav.com Netflav  
- '+.creative.mnaspm.com'
- '+.go.mnaspm.com'
- '+.solestudious.com'
- '+.enrichyummy.com'
- '+.maphuahin.com'
- '+.ggsfq.com'
- '+.ad.pornimg.xyz'
- '+.yandex.ru'
- '+.awaitcola.com'
#- '+.jsdelivr.net'
- '+.wine-api.net'
#- '+.wixsite.com'
- '+.exosrv.com'
- '+.juicyads.com'
#- '+.wixstatic.com'
- '+.thumb.fvs.io'
- '+.itnuzleafan.com'
- '+.oawhaursaith.com'
- '+.unreshiramor.com'
- '+.regulationprivilegescan.top'
- '+.in-page-push.com'
- '+.farmcrapsubsist.com'

##### avgle.me  
- '+.jads.co'
- '+.adxadserv.com'
- '+.moatads.com'
- '+.juicyads.in'
- '+.dtscout.com'

##### dilili.tv  
- '+.51.la'
- '+.51daeka.com'

##### www.cocomanhua.com  
- '+.exdynsrv.com'
#- '+.cloudfront.net'
- '+.d227cncaprzd7y.cloudfront.net'
- '+.d10lumateci472.cloudfront.net'

##### m.yhdm.io  
- '+.dvzk66.cn'
- '+.pu0glv.cn'

##### www.porntrex.com/  
#- '+.ads.bullionyield.com'

##### https://www.zhenbuka.com/  
- '+.dlads'
- '+.dagonghuzhu.com'
#- '+.byteimg.com'
- '+.xxshuyuan'
- '+.haowanyou'
- '+.dat8'
- '+.112wan'
- '+.dfkj8'
- '+.mifengv'
- '+.lieyou'
- '+.789htbet'
- '+.mdapp09'
- '+.juruigj'
#- '+.mmiyue'

##### pornhub.com  
- '+.etahub.com'
- '+.evtubescms.phncdn.com'

##### www.hptoon.com  
- '+.22c.in'
- '+.imgxxx.shunxincar.cn'
#- '+.cc58.oss-cn-beijing.aliyuncs.com'
#- '+.oss-accelerate.aliyuncs.com'
- '+.kk.braincf.com'
- '+.run.haireig.com'
- '+.d.zxptw.cn'
- '+.new.xiongzhangad.com'
- '+.js.users.51.la'
- '+.maxwellsery.com'
- '+.annabelleabe.com'

##### https://91mjw.com/  
- '+.jidukeji.com'
- '+.atmib.com'
- '+.bjzysd.net'
- '+.iycwl.com'
- '+.haoyundm.com'
- '+.qqq123987.site'
- '+.qweewq2021.online'
- '+.qqq123987.site'
- '+.jianxinshanghai.com'
- '+.js.51toubu.com'
- '+.img.hylmxing.com'
- '+.777.000123456789.space'
- '+.bhichong.com'
- '+.tskdfjksldk.sdhsgcj.com'
- '+.haoyuntj.com'

##### https://m.biquge.com.cn/  
- '+.bizhixiang.cn'
- '+.jspassport.ssl.qhimg.com'

##### https://gimy.tv/ 剧迷tv  
- '+.ads.superad.cc'

##### https://hpjav.tv/ JAVFAN #NSFW  
- '+.wpncdn.com'
- '+.exosrv.com'
- '+.jads.co'
- '+.toateeli'
- '+.greenplasticdua'
- '+.bongacash'
- '+.bngpt'
- '+.stunninglover'
- '+.jads'
- '+.trwl1'
#- '+.vidoza'
- '+.o333o'
- '+.ad.pornimg.xyz'

##### https://javgg.net/  
- '+.x2sfa.javgg.eu'
- '+.xd3r.javgg.eu'
- '+.p242.plainwrk.name'

##### https://www5.javmost.com/  
- '+.histats'
- '+.dtscout'
- '+.adform'
- '+.mathtag'
- '+.pagespeed-mod'
- '+.in-page-push'

##### https://hanime1.me/
- '+.impactserving.com'
- '+.addthis.com'
- '+.magsrv.com'
- '+.creative.kbnmnl.com'

##### https://supjav.com/
- '+.adxadserv.com'
- '+.xlivrdr.com'
- '+.fanza.cc'

#### disqus  
- '+.referrer.disqus.com'
- '+.links.services.disqus.com'
- '+.disqusads.com'
- '+.glitter.services.disqus.com'
- '+.juggler.services.disqus.com'
- '+.tempest.services.disqus.com'
- '+.mc.viglink.com'
- '+.qa.viglink.com'
- '+.ns4.viglink.com'
- '+.ns2.viglink.com'
- '+.ns3.viglink.com'
- '+.apicdn.viglink.com'
- '+.cdn.viglink.com'

#### www.tz659.com  
- '+.nggfe.fdgem.com'
- '+.rthmnj.xyz'
- '+. jknmthwd.xyz'
- '+.koprtgh.omhoa.com'
- '+.hbftgh.ibjkqnhjwd.xyz'
- '+.kmopoer.jkbuymjhp.xyz'
- '+.kmef.ikjwmfeds.xyz'
- '+.hnrtg.iujkegbpo.xyz'
- '+.tcc.qscvli.com'
- '+.fg.knlk2md.cn'
- '+.tg.gtlpaj.com'
- '+.gtlpaj.com'
- '+.knlk2md.cn'
- '+.7tad.cn'
- '+.tc.vpubmi.com'
- '+.qoiw1xw.cn'
- '+.purpleads.io'

#### cn1.91short.com
- '+. ioacfu.com'

#### 91porn.com
#### - '+. killcovid2021.com'

#### xiaobaotv.net
- '+. onerousethelpictures.com'
- '+. exemptambientcream.com'
- '+. catdomepimyth.com'

#### javday.tv
- '+. farwine.com'

#### www.ntdm9.com
- '+. pc.stgowan.com'
- '+. 2xmzazd.cn'
- '+. 2qpqwkx.cn'
- '+. server.mch3.com'



#### Guard Advertising.list 神机规则
## 参阅 https://raw.githubusercontent.com/DivineEngine/Profiles/master/Surge/Ruleset/Guard/Advertising.list

# Advertising
# > General
- '+.adservice'

# (0~9)
# > 51wnl
- '+.ad.51wnl-cq.com'
- '+.adextra.51wnl-cq.com'
- '+.log.51wnl-cq.com'
- '+.r.51wnl-cq.com'

# (A)
# > Apple
- '+.iadsdk.apple.com'
- '+.ads.internal.unity3d.com'
- '+.ads.prd.ie.internal.unity3d.com'
- '+.unityads.unity3d.com'
# --- (Alibaba) ---
- '+.tunion-api.m.taobao.com'
# > YOUKU
- '+.atm.youku.com'
- '+.ad.mobile.youku.com'
- '+.adx.op.cp18.ott.cibntv.net'
- '+.iyes.youku.com'
- '+.pl.cp31.ott.cibntv.net'
# > AMap
- '+.optimus-ads.amap.com'
- '+.optimus-ads.amap.com.w.alikunlun.com'
# ------
# > Autohome
- '+.adproxy.autohome.com.cn'
- '+.rd.autohome.com.cn'
- '+.al.autohome.com.cn'
- '+.applogapi.autohome.com.cn'
- '+.adm0.autoimg.cn'
- '+.adm1.autoimg.cn'
- '+.adm2.autoimg.cn'
- '+.adm3.autoimg.cn'

# (B)
# --- (Baidu) ---
- '+.duapps.com'
- '+.cpro.baidu.com'
- '+.pos.baidu.com'
- '+.afd.baidu.com'
- '+.als.baidu.com'
- '+.duclick.baidu.com'
- '+.mobads.baidu.com'
- '+.mobads-logs.baidu.com'
- '+.nadvideo2.baidu.com'
- '+.nsclick.baidu.com'
# > iQIYI
- '+.t7z.cupid.iqiyi.com'
- '+.t7z.cupid.ptqy.gitv.tv'
## IP-CIDR,101.227.97.240/32,'
## IP-CIDR,101.227.200.11/32,'
## IP-CIDR,101.227.200.28/32,'
## IP-CIDR,124.192.153.42/32,'
# ------
# > ByteDance
- '+.pangolin-sdk-toutiao.com'
- '+.pangolin-sdk-toutiao-b.com'
- '+.ad.toutiao.com'
- '+.dsp.toutiao.com'
- '+.pangolin.snssdk.com'
# > baicizhan
- '+.advertise.baicizhan.com'
- '+.advertise.baicizhan.org'
# > BitAuto
- '+.adx.yiche.com'
- '+.log.ycapp.yiche.com'
# > Braze
- '+.iad.appboy.com'
- '+.iad-03.appboy.com'
- '+.iad-01.braze.com'
- '+.iad-02.braze.com'
- '+.iad-03.braze.com'
- '+.iad-04.braze.com'
- '+.iad-05.braze.com'
- '+.iad-06.braze.com'
- '+.iad-08.braze.com'

# (C)
# > CCTVVideo
- '+.adstore-index-1252524079.file.myqcloud.com'
# > CNTV
- '+.galaxy.bjcathay.com'
- '+.mdrecv.app.cntvwb.cn'
- '+.sdapprecv.app.cntvwb.cn'
- '+.vdapprecv.app.cntvwb.cn'
# > ChinaTelecom
- '+.ad.21cn.com'
- '+.ad.k.21cn.com'
- '+.admarket.21cn.com'
- '+.adshows.21cn.com'
# > Chelaile
- '+.atrace.chelaile.net.cn'
- '+.logs.chelaile.net.cn'
# > Camera360
- '+.dispatcher.360in.com'
- '+.ad.360in.com'
- '+.exp.360in.com'

# (D)
# > Douban
# AND,((USER-AGENT,Frodo*), (- '+.119.29.29.29))'

# (G)
# > Google
- '+.doubleclick.net'
- '+.googleadservices.com'
- '+.googleadsserving.cn'
- '+.googlesyndication.com'
- '+.googletagservices.com'
- '+.ads.youtube.com'

# (H)
# > HunanTV
- '+.da.mgtv.com'
- '+.da.hunantv.com'
- '+.log.hunantv.com'
- '+.v2.hunantv.com'
# > Hupu
- '+.adx.hupu.com'
- '+.adx-api.hupu.com'
- '+.goblin.hupu.com'
# > happycast
- '+.ad.hpplay.cn'
- '+.adc.hpplay.cn'
- '+.adcdn.hpplay.cn'
- '+.adeng.hpplay.cn'
- '+.pin.hpplay.cn'
- '+.rp.hpplay.cn'
- '+.rpt.hpplay.cn'

# (J)
# >jxedt
- '+.richmanapi.jxedt.com'
- '+.richmanmain.jxedt.com'
- '+.richmanrules.jxedt.com'

# (K)
# > Kingsoft
- '+.ad-stat.ksosoft.com'
- '+.img.auction-ads.wpscdn.cn'
- '+.counter.kingsoft.com'
- '+.counter.ksosoft.com'
- '+.minfo.wps.cn'
- '+.mobad.ijinshan.com'
- '+.ups.ksmobile.net'
- '+.ws.ksmobile.net'
# > Kuaishou
- '+.e.kuaishou.com'
- '+.js-ad.a.yximgs.com'

# (L)
# > Le
- '+.webp2p.letv.com'
- '+.ark.letv.com'
- '+.emma-414870e223.huodonghezi.com'
- '+.g3.letv.com'
- '+.n.mark.letv.com'
# > LinkWiFi
- '+.a.wkanx.com'
- '+.cwx.lianwangtech.com'
- '+.c1wx.lianwangtech.com'

# (M)
# > Microsoft
- '+.ads.msn.com'
- '+.ads1.msn.com'
- '+.ads2.msn.com'
- '+.bingads.microsoft.com'
- '+.rads.msn.com'
- '+.mobileads.msn.com'
# > MojiWeather
- '+.ad.api.moji.com'
- '+.adlaunch.moji.com'
- '+.ads.mojicdn.com'
- '+.v1.log.moji.com'
# > MiguVideo
- '+.ad.cmvideo.cn'
- '+.ggc.cmvideo.cn'
- '+.ggic03.miguvideo.com'
- '+.ggmk.miguvideo.com'
- '+.ggv.cmvideo.cn'
- '+.ggx.cmvideo.cn'
- '+.ggx03.miguvideo.com'

# (N)
# > NetEase
- '+.dsp.youdao.com'
- '+.union.youdao.com'
- '+.ad.bn.netease.com'
- '+.ad.yixin.im'
- '+.admusicpic.music.126.net'
- '+.g1.163.com'
- '+.gorgon.youdao.com'
- '+.iad.g.163.com'
- '+.iadmat.nosdn.127.net'
- '+.iadmusicmat.music.126.net'
- '+.iadmusicmatvideo.music.126.net'
- '+.impservice.dictapp.youdao.com'
- '+.impservice.youdao.com'
- '+.n.3g.163.com'
- '+.nex.163.com'
- '+.yt-adp.nosdn.127.net'
- '+.yt-adp.ws.126.net'

# (P)
# > PPTV
- '+.ads.aplus.pptv.com'
- '+.ads.aplusapi.pptv.com'
- '+.asimgs.pplive.cn'
- '+.de.as.pptv.com'
# > Photoable
- '+.regist.fotoable.com'
- '+.cdn.adapi.fotoable.com'
# > PeanutWiFi
- '+.adnew.wifi8.com'
- '+.adfile.wifi8.com'
# > PConline
- '+.ad-analysis.pconline.com.cn'
- '+.iad0ssl.pcauto.com.cn'
- '+.iad0ssl.pconline.com.cn'
- '+.imgad0.pcauto.com.cn'
- '+.imgad0.pconline.com.cn'
- '+.ivy.pchouse.com.cn'
# > Phoenix New Media
- '+.deliver.ifeng.com'
- '+.api.newad.ifeng.com'
- '+.ifengad.3g.ifeng.com'

# (Q)
# > QingTing
- '+.ad.qingting.fm'
- '+.adlaunch.qingting.fm'
- '+.ad-cdn.qingting.fm'
# > OPPO
- '+.ads.oppomobile.com'
- '+.adsfs.oppomobile.com'

# (S)
# > Sina
- '+.alitui.weibo.com'
- '+.beacon.sina.com.cn'
- '+.adimg.uve.weibo.com'
- '+.adimg.vue.weibo.com'
- '+.u1.img.mobile.sina.cn'
- '+.sax.sina.com.cn'
- '+.saxs.sina.com.cn'
- '+.saxn.sina.com.cn'
# > SOHU
- '+.ad.sohu.com'
- '+.ads.sohu.com'
- '+.aty.sohu.com'
- '+.hui.sohu.com'
- '+.pv.sohu.com'
# > Snapchat
- '+.ads.snapchat.com'
- '+.adsapi.snapchat.com'
# > Skyworth
- '+.hoisin.coocaa.com'
- '+.hoisin.coocaatv.com'
- '+.data-hoisin.coocaa.com'

# (T)
# --- (Tencent) ---
- '+.e.qq.com'
- '+.gdt.qq.com'
- '+.l.qq.com'
- '+.adsmind.apdcdn.tc.qq.com'
- '+.adsmind.gdtimg.com'
- '+.adsmind.tc.qq.com'
- '+.adsmind.ugdtimg.com'
- '+.livep.l.t002.ottcn.com'
- '+.pgdt.gtimg.cn'
- '+.pgdt.gtimg.com'
- '+.pgdt.ugdtimg.com'
- '+.splashqqlive.gtimg.com'
- '+.wa.gtimg.com'
# - '+.wxsnsdy.wxs.qq.com'
# - '+.wxsnsdythumb.wxs.qq.com'
# > Tencent Music (TME)
- '+.ad.tencentmusic.com'
- '+.adstats.tencentmusic.com'
- '+.adserviceretry.kugou.com'
- '+.ads.service.kugou.com'
- '+.adsfile.bssdlbig.kugou.com'
- '+.g.koowo.com'
- '+.kgmobilestat.kugou.com'
- '+.kgmobilestatbak.kugou.com'
- '+.mobilelog.kugou.com'
- '+.mobilead.kuwo.cn'
- '+.rich.kuwo.cn'
- '+.tmead.y.qq.com'
- '+.splashimgbssdl.yun.kugou.com'
- '+.adsfilebssdlbig.tx.kugou.com'
# ------
# > TongHuaShun
- '+.adm.10jqka.com.cn'
- '+.stat.10jqka.com.cn'
# > The Paper
- '+.admonitor.thepaper.cn'
- '+.adpai.thepaper.cn'
- '+.imgadpai.thepaper.cn'
# > Thunder
- '+.adsp.xunlei.com'
- '+.etl.xlmc.sandai.net'

# (V)
# > VariFlight
- '+.adv-adlog.variflight.com'
- '+.adv-ads.variflight.com'
- '+.app-ad.variflight.com'
# > vivo
- '+.adlog.vivo.com.cn'
- '+.adreq.vivo.com.cn'
- '+.ads-marketing-vivofs.vivo.com.cn'
- '+.adsdk.vivo.com.cn'
- '+.adsstatic.vivo.com.cn'
- '+.adxlog.vivo.com.cn'
- '+.vcardsdkservice.vivo.com.cn'
- '+.stsdk.vivo.com.cn'
- '+.stsdk.vivoglobal.com'
# > Viber
- '+.ads.viber.com'
- '+.ads-d.viber.com'
- '+.ads.aws.viber.com'

# (X)
# > Ximalaya
- '+.ad.ximalaya.com'
- '+.adbs.ximalaya.com'
- '+.adse.ximalaya.com'
- '+.adse.wsa.ximalaya.com'
- '+.adbehavior.wsa.ximalaya.com'
- '+.adbehavior.ximalaya.com'
- '+.adsebs.ximalaya.com'
- '+.adwbs.ximalaya.com'
# > Xiaohongshu
- '+.ads-img-qc.xhscdn.com'
- '+.ads-video-al.xhscdn.com'
- '+.ads-video-qc.xhscdn.com'
- '+.t-ads.xiaohongshu.com'

# (Y)
# > Yahoo
- '+.adserver.yahoo.com'
- '+.adspecs.yahoo.com'
- '+.advertising.yahoo.com'
- '+.gemini.yahoo.com'
- '+.admarketing.yahoo.net'
- '+.ads.auctions.yahoo.com'
- '+.ads.finance.yahoo.com'
- '+.ads.yahoo.com'
- '+.ads.yahoo.de'

# (Z)
# > Zhihu
# USER-AGENT,AVOS*
- '+.appcloud2.in.zhihu.com'
- '+.mqtt.zhihu.com'
- '+.sugar.zhihu.com'
- '+.118.89.204.198'
# > ZOL
- '+.apppv.zol.com.cn'
- '+.pvnapp.zol.com.cn'
